
Microsoft Visual Studio Solution File, Format Version 12.00
# Visual Studio Version 17
VisualStudioVersion = 17.5.33627.172
MinimumVisualStudioVersion = 10.0.40219.1
Project("{8BC9CEB8-8B4A-11D0-8D11-00A0C91BC942}") = "ToastSenderConsoleWin32", "ToastSenderConsoleWin32\ToastSenderConsoleWin32.vcxproj", "{26631F1B-7B05-4C3C-A65B-D693059E64CB}"
EndProject
Project("{C7167F0D-BC9F-4E6E-AFE1-012C56B48DB5}") = "ToastSenderConsoleWin32.UWP", "ToastSenderConsoleWin32.UWP\ToastSenderConsoleWin32.UWP.wapproj", "{29A33F64-18B5-4E89-9410-CA3EBE907348}"
EndProject
Project("{8BC9CEB8-8B4A-11D0-8D11-00A0C91BC942}") = "ToastSenderUsingNotifyIconConsoleWin32", "ToastSenderUsingNotifyIconConsoleWin32\ToastSenderUsingNotifyIconConsoleWin32.vcxproj", "{7FC1A31A-156C-4624-8D19-88BF49D47D8D}"
EndProject
Global
	GlobalSection(SolutionConfigurationPlatforms) = preSolution
		Debug|x64 = Debug|x64
		Release|x64 = Release|x64
	EndGlobalSection
	GlobalSection(ProjectConfigurationPlatforms) = postSolution
		{26631F1B-7B05-4C3C-A65B-D693059E64CB}.Debug|x64.ActiveCfg = Debug|x64
		{26631F1B-7B05-4C3C-A65B-D693059E64CB}.Debug|x64.Build.0 = Debug|x64
		{26631F1B-7B05-4C3C-A65B-D693059E64CB}.Release|x64.ActiveCfg = Release|x64
		{26631F1B-7B05-4C3C-A65B-D693059E64CB}.Release|x64.Build.0 = Release|x64
		{29A33F64-18B5-4E89-9410-CA3EBE907348}.Debug|x64.ActiveCfg = Debug|x64
		{29A33F64-18B5-4E89-9410-CA3EBE907348}.Debug|x64.Build.0 = Debug|x64
		{29A33F64-18B5-4E89-9410-CA3EBE907348}.Debug|x64.Deploy.0 = Debug|x64
		{29A33F64-18B5-4E89-9410-CA3EBE907348}.Release|x64.ActiveCfg = Release|x64
		{29A33F64-18B5-4E89-9410-CA3EBE907348}.Release|x64.Build.0 = Release|x64
		{29A33F64-18B5-4E89-9410-CA3EBE907348}.Release|x64.Deploy.0 = Release|x64
		{7FC1A31A-156C-4624-8D19-88BF49D47D8D}.Debug|x64.ActiveCfg = Debug|x64
		{7FC1A31A-156C-4624-8D19-88BF49D47D8D}.Debug|x64.Build.0 = Debug|x64
		{7FC1A31A-156C-4624-8D19-88BF49D47D8D}.Release|x64.ActiveCfg = Release|x64
		{7FC1A31A-156C-4624-8D19-88BF49D47D8D}.Release|x64.Build.0 = Release|x64
	EndGlobalSection
	GlobalSection(SolutionProperties) = preSolution
		HideSolutionNode = FALSE
	EndGlobalSection
	GlobalSection(ExtensibilityGlobals) = postSolution
		SolutionGuid = {D86F00CE-9961-4A17-867D-AEDDC4A334B0}
	EndGlobalSection
EndGlobal
