
Microsoft Visual Studio Solution File, Format Version 12.00
# Visual Studio Version 17
VisualStudioVersion = 17.5.33627.172
MinimumVisualStudioVersion = 10.0.40219.1
Project("{8BC9CEB8-8B4A-11D0-8D11-00A0C91BC942}") = "ToastSenderConsoleWin32", "ToastSenderConsoleWin32\ToastSenderConsoleWin32.vcxproj", "{26631F1B-7B05-4C3C-A65B-D693059E64CB}"
EndProject
Global
	GlobalSection(SolutionConfigurationPlatforms) = preSolution
		Debug|x64 = Debug|x64
		Debug|x86 = Debug|x86
		Release|x64 = Release|x64
		Release|x86 = Release|x86
	EndGlobalSection
	GlobalSection(ProjectConfigurationPlatforms) = postSolution
		{26631F1B-7B05-4C3C-A65B-D693059E64CB}.Debug|x64.ActiveCfg = Debug|x64
		{26631F1B-7B05-4C3C-A65B-D693059E64CB}.Debug|x64.Build.0 = Debug|x64
		{26631F1B-7B05-4C3C-A65B-D693059E64CB}.Debug|x86.ActiveCfg = Debug|Win32
		{26631F1B-7B05-4C3C-A65B-D693059E64CB}.Debug|x86.Build.0 = Debug|Win32
		{26631F1B-7B05-4C3C-A65B-D693059E64CB}.Release|x64.ActiveCfg = Release|x64
		{26631F1B-7B05-4C3C-A65B-D693059E64CB}.Release|x64.Build.0 = Release|x64
		{26631F1B-7B05-4C3C-A65B-D693059E64CB}.Release|x86.ActiveCfg = Release|Win32
		{26631F1B-7B05-4C3C-A65B-D693059E64CB}.Release|x86.Build.0 = Release|Win32
	EndGlobalSection
	GlobalSection(SolutionProperties) = preSolution
		HideSolutionNode = FALSE
	EndGlobalSection
	GlobalSection(ExtensibilityGlobals) = postSolution
		SolutionGuid = {D86F00CE-9961-4A17-867D-AEDDC4A334B0}
	EndGlobalSection
EndGlobal
